
Microsoft Visual Studio Solution File, Format Version 12.00
# Visual Studio Version 17
VisualStudioVersion = 17.2.32516.85
MinimumVisualStudioVersion = 10.0.40219.1
Project("{FAE04EC0-301F-11D3-BF4B-00C04F79EFBC}") = "Z4(2)", "Z4(2)\Z4(2).csproj", "{332AD3F6-DB54-490A-B24B-0DBDD7498235}"
EndProject
Global
	GlobalSection(SolutionConfigurationPlatforms) = preSolution
		Debug|Any CPU = Debug|Any CPU
		Release|Any CPU = Release|Any CPU
	EndGlobalSection
	GlobalSection(ProjectConfigurationPlatforms) = postSolution
		{332AD3F6-DB54-490A-B24B-0DBDD7498235}.Debug|Any CPU.ActiveCfg = Debug|Any CPU
		{332AD3F6-DB54-490A-B24B-0DBDD7498235}.Debug|Any CPU.Build.0 = Debug|Any CPU
		{332AD3F6-DB54-490A-B24B-0DBDD7498235}.Release|Any CPU.ActiveCfg = Release|Any CPU
		{332AD3F6-DB54-490A-B24B-0DBDD7498235}.Release|Any CPU.Build.0 = Release|Any CPU
	EndGlobalSection
	GlobalSection(SolutionProperties) = preSolution
		HideSolutionNode = FALSE
	EndGlobalSection
	GlobalSection(ExtensibilityGlobals) = postSolution
		SolutionGuid = {033E5A4E-DFC7-4EFB-8A4E-A18AE5AAF656}
	EndGlobalSection
EndGlobal
