
Microsoft Visual Studio Solution File, Format Version 12.00
# Visual Studio Version 17
VisualStudioVersion = 17.2.32516.85
MinimumVisualStudioVersion = 10.0.40219.1
Project("{FAE04EC0-301F-11D3-BF4B-00C04F79EFBC}") = "Z1", "Z1\Z1.csproj", "{26641709-C622-4ABE-B511-71F4E6B0D746}"
EndProject
Global
	GlobalSection(SolutionConfigurationPlatforms) = preSolution
		Debug|Any CPU = Debug|Any CPU
		Release|Any CPU = Release|Any CPU
	EndGlobalSection
	GlobalSection(ProjectConfigurationPlatforms) = postSolution
		{26641709-C622-4ABE-B511-71F4E6B0D746}.Debug|Any CPU.ActiveCfg = Debug|Any CPU
		{26641709-C622-4ABE-B511-71F4E6B0D746}.Debug|Any CPU.Build.0 = Debug|Any CPU
		{26641709-C622-4ABE-B511-71F4E6B0D746}.Release|Any CPU.ActiveCfg = Release|Any CPU
		{26641709-C622-4ABE-B511-71F4E6B0D746}.Release|Any CPU.Build.0 = Release|Any CPU
	EndGlobalSection
	GlobalSection(SolutionProperties) = preSolution
		HideSolutionNode = FALSE
	EndGlobalSection
	GlobalSection(ExtensibilityGlobals) = postSolution
		SolutionGuid = {F891DE68-60F8-4B62-9D59-DBA86B36F69D}
	EndGlobalSection
EndGlobal
