
Microsoft Visual Studio Solution File, Format Version 12.00
# Visual Studio Version 17
VisualStudioVersion = 17.2.32516.85
MinimumVisualStudioVersion = 10.0.40219.1
Project("{FAE04EC0-301F-11D3-BF4B-00C04F79EFBC}") = "Z7", "Z7\Z7.csproj", "{20FF85B3-3181-44BE-A639-E630FA419638}"
EndProject
Global
	GlobalSection(SolutionConfigurationPlatforms) = preSolution
		Debug|Any CPU = Debug|Any CPU
		Release|Any CPU = Release|Any CPU
	EndGlobalSection
	GlobalSection(ProjectConfigurationPlatforms) = postSolution
		{20FF85B3-3181-44BE-A639-E630FA419638}.Debug|Any CPU.ActiveCfg = Debug|Any CPU
		{20FF85B3-3181-44BE-A639-E630FA419638}.Debug|Any CPU.Build.0 = Debug|Any CPU
		{20FF85B3-3181-44BE-A639-E630FA419638}.Release|Any CPU.ActiveCfg = Release|Any CPU
		{20FF85B3-3181-44BE-A639-E630FA419638}.Release|Any CPU.Build.0 = Release|Any CPU
	EndGlobalSection
	GlobalSection(SolutionProperties) = preSolution
		HideSolutionNode = FALSE
	EndGlobalSection
	GlobalSection(ExtensibilityGlobals) = postSolution
		SolutionGuid = {58FF2EC8-0880-474D-BA3F-FBD1EE20FFAA}
	EndGlobalSection
EndGlobal
