
Microsoft Visual Studio Solution File, Format Version 12.00
# Visual Studio Version 17
VisualStudioVersion = 17.2.32516.85
MinimumVisualStudioVersion = 10.0.40219.1
Project("{FAE04EC0-301F-11D3-BF4B-00C04F79EFBC}") = "Z2", "Z2\Z2.csproj", "{DD91148F-A642-4052-834F-32738FD7A530}"
EndProject
Global
	GlobalSection(SolutionConfigurationPlatforms) = preSolution
		Debug|Any CPU = Debug|Any CPU
		Release|Any CPU = Release|Any CPU
	EndGlobalSection
	GlobalSection(ProjectConfigurationPlatforms) = postSolution
		{DD91148F-A642-4052-834F-32738FD7A530}.Debug|Any CPU.ActiveCfg = Debug|Any CPU
		{DD91148F-A642-4052-834F-32738FD7A530}.Debug|Any CPU.Build.0 = Debug|Any CPU
		{DD91148F-A642-4052-834F-32738FD7A530}.Release|Any CPU.ActiveCfg = Release|Any CPU
		{DD91148F-A642-4052-834F-32738FD7A530}.Release|Any CPU.Build.0 = Release|Any CPU
	EndGlobalSection
	GlobalSection(SolutionProperties) = preSolution
		HideSolutionNode = FALSE
	EndGlobalSection
	GlobalSection(ExtensibilityGlobals) = postSolution
		SolutionGuid = {86D5D542-69AE-4BBB-92DF-7292CDAA3ABD}
	EndGlobalSection
EndGlobal
