
Microsoft Visual Studio Solution File, Format Version 12.00
# Visual Studio Version 17
VisualStudioVersion = 17.2.32516.85
MinimumVisualStudioVersion = 10.0.40219.1
Project("{FAE04EC0-301F-11D3-BF4B-00C04F79EFBC}") = "Z1", "Z1\Z1.csproj", "{AD6CAE96-54C5-44EA-819A-6D92003FC1D8}"
EndProject
Global
	GlobalSection(SolutionConfigurationPlatforms) = preSolution
		Debug|Any CPU = Debug|Any CPU
		Release|Any CPU = Release|Any CPU
	EndGlobalSection
	GlobalSection(ProjectConfigurationPlatforms) = postSolution
		{AD6CAE96-54C5-44EA-819A-6D92003FC1D8}.Debug|Any CPU.ActiveCfg = Debug|Any CPU
		{AD6CAE96-54C5-44EA-819A-6D92003FC1D8}.Debug|Any CPU.Build.0 = Debug|Any CPU
		{AD6CAE96-54C5-44EA-819A-6D92003FC1D8}.Release|Any CPU.ActiveCfg = Release|Any CPU
		{AD6CAE96-54C5-44EA-819A-6D92003FC1D8}.Release|Any CPU.Build.0 = Release|Any CPU
	EndGlobalSection
	GlobalSection(SolutionProperties) = preSolution
		HideSolutionNode = FALSE
	EndGlobalSection
	GlobalSection(ExtensibilityGlobals) = postSolution
		SolutionGuid = {B45AE576-C059-4A24-ABE8-B94CA1FB7E98}
	EndGlobalSection
EndGlobal
