
Microsoft Visual Studio Solution File, Format Version 12.00
# Visual Studio Version 17
VisualStudioVersion = 17.2.32516.85
MinimumVisualStudioVersion = 10.0.40219.1
Project("{FAE04EC0-301F-11D3-BF4B-00C04F79EFBC}") = "Zad 1", "Zad 1\Zad 1.csproj", "{EEC69209-6D9C-46B7-805B-396F32C3E1B4}"
EndProject
Project("{FAE04EC0-301F-11D3-BF4B-00C04F79EFBC}") = "Zad 2", "Zad 2\Zad 2.csproj", "{2DC3C75F-776D-4EA0-AC6F-FBCCEC8372CA}"
EndProject
Project("{FAE04EC0-301F-11D3-BF4B-00C04F79EFBC}") = "Zad 3", "Zad 3\Zad 3.csproj", "{61228C4F-5C21-4223-91F8-5802D926A9BD}"
EndProject
Global
	GlobalSection(SolutionConfigurationPlatforms) = preSolution
		Debug|Any CPU = Debug|Any CPU
		Release|Any CPU = Release|Any CPU
	EndGlobalSection
	GlobalSection(ProjectConfigurationPlatforms) = postSolution
		{EEC69209-6D9C-46B7-805B-396F32C3E1B4}.Debug|Any CPU.ActiveCfg = Debug|Any CPU
		{EEC69209-6D9C-46B7-805B-396F32C3E1B4}.Debug|Any CPU.Build.0 = Debug|Any CPU
		{EEC69209-6D9C-46B7-805B-396F32C3E1B4}.Release|Any CPU.ActiveCfg = Release|Any CPU
		{EEC69209-6D9C-46B7-805B-396F32C3E1B4}.Release|Any CPU.Build.0 = Release|Any CPU
		{2DC3C75F-776D-4EA0-AC6F-FBCCEC8372CA}.Debug|Any CPU.ActiveCfg = Debug|Any CPU
		{2DC3C75F-776D-4EA0-AC6F-FBCCEC8372CA}.Debug|Any CPU.Build.0 = Debug|Any CPU
		{2DC3C75F-776D-4EA0-AC6F-FBCCEC8372CA}.Release|Any CPU.ActiveCfg = Release|Any CPU
		{2DC3C75F-776D-4EA0-AC6F-FBCCEC8372CA}.Release|Any CPU.Build.0 = Release|Any CPU
		{61228C4F-5C21-4223-91F8-5802D926A9BD}.Debug|Any CPU.ActiveCfg = Debug|Any CPU
		{61228C4F-5C21-4223-91F8-5802D926A9BD}.Debug|Any CPU.Build.0 = Debug|Any CPU
		{61228C4F-5C21-4223-91F8-5802D926A9BD}.Release|Any CPU.ActiveCfg = Release|Any CPU
		{61228C4F-5C21-4223-91F8-5802D926A9BD}.Release|Any CPU.Build.0 = Release|Any CPU
	EndGlobalSection
	GlobalSection(SolutionProperties) = preSolution
		HideSolutionNode = FALSE
	EndGlobalSection
	GlobalSection(ExtensibilityGlobals) = postSolution
		SolutionGuid = {179DC3D4-23C7-400B-9DA3-CD26A271F89D}
	EndGlobalSection
EndGlobal
